<?xml version="1.0" encoding="utf-8"?>
<Project ToolsVersion="4.0" xmlns="http://schemas.microsoft.com/developer/msbuild/2003">
  <ItemGroup>
    <Filter Include="Source Files">
      <UniqueIdentifier>{4FC737F1-C7A5-4376-A066-2A32D752A2FF}</UniqueIdentifier>
      <Extensions>cpp;c;cc;cxx;def;odl;idl;hpj;bat;asm;asmx</Extensions>
    </Filter>
    <Filter Include="Header Files">
      <UniqueIdentifier>{93995380-89BD-4b04-88EB-625FBE52EBFB}</UniqueIdentifier>
      <Extensions>h;hh;hpp;hxx;hm;inl;inc;ipp;xsd</Extensions>
    </Filter>
    <Filter Include="Resource Files">
      <UniqueIdentifier>{67DA6AB6-F800-4c08-8B7A-83BB121AAD01}</UniqueIdentifier>
      <Extensions>rc;ico;cur;bmp;dlg;rc2;rct;bin;rgs;gif;jpg;jpeg;jpe;resx;tiff;tif;png;wav;mfcribbon-ms</Extensions>
    </Filter>
    <Filter Include="Link Libraries">
      <UniqueIdentifier>{d854650b-9244-45ec-9a29-1d500316add3}</UniqueIdentifier>
    </Filter>
  </ItemGroup>
  <ItemGroup>
    <ClInclude Include="stdafx.h">
      <Filter>Header Files</Filter>
    </ClInclude>
    <ClInclude Include="ball.h">
      <Filter>Header Files</Filter>
    </ClInclude>
    <ClInclude Include="baseentity.h">
      <Filter>Header Files</Filter>
    </ClInclude>
    <ClInclude Include="block.h">
      <Filter>Header Files</Filter>
    </ClInclude>
    <ClInclude Include="bot_manager.h">
      <Filter>Header Files</Filter>
    </ClInclude>
    <ClInclude Include="coin.h">
      <Filter>Header Files</Filter>
    </ClInclude>
    <ClInclude Include="gamelogic.h">
      <Filter>Header Files</Filter>
    </ClInclude>
    <ClInclude Include="hud_manager.h">
      <Filter>Header Files</Filter>
    </ClInclude>
    <ClInclude Include="hud_score.h">
      <Filter>Header Files</Filter>
    </ClInclude>
    <ClInclude Include="hud_scoreaccount.h">
      <Filter>Header Files</Filter>
    </ClInclude>
    <ClInclude Include="hud_winscreen.h">
      <Filter>Header Files</Filter>
    </ClInclude>
    <ClInclude Include="ihudelement.h">
      <Filter>Header Files</Filter>
    </ClInclude>
    <ClInclude Include="player.h">
      <Filter>Header Files</Filter>
    </ClInclude>
    <ClInclude Include="shareddefs.h">
      <Filter>Header Files</Filter>
    </ClInclude>
    <ClInclude Include="util.h">
      <Filter>Header Files</Filter>
    </ClInclude>
  </ItemGroup>
  <ItemGroup>
    <ClCompile Include="stdafx.cpp">
      <Filter>Source Files</Filter>
    </ClCompile>
    <ClCompile Include="main.cpp">
      <Filter>Source Files</Filter>
    </ClCompile>
    <ClCompile Include="ball.cpp">
      <Filter>Source Files</Filter>
    </ClCompile>
    <ClCompile Include="baseentity.cpp">
      <Filter>Source Files</Filter>
    </ClCompile>
    <ClCompile Include="block.cpp">
      <Filter>Source Files</Filter>
    </ClCompile>
    <ClCompile Include="bot_manager.cpp">
      <Filter>Source Files</Filter>
    </ClCompile>
    <ClCompile Include="coin.cpp">
      <Filter>Source Files</Filter>
    </ClCompile>
    <ClCompile Include="gamelogic.cpp">
      <Filter>Source Files</Filter>
    </ClCompile>
    <ClCompile Include="hud_manager.cpp">
      <Filter>Source Files</Filter>
    </ClCompile>
    <ClCompile Include="hud_score.cpp">
      <Filter>Source Files</Filter>
    </ClCompile>
    <ClCompile Include="hud_scoreaccount.cpp">
      <Filter>Source Files</Filter>
    </ClCompile>
    <ClCompile Include="hud_winscreen.cpp">
      <Filter>Source Files</Filter>
    </ClCompile>
    <ClCompile Include="player.cpp">
      <Filter>Source Files</Filter>
    </ClCompile>
    <ClCompile Include="shareddefs.cpp">
      <Filter>Source Files</Filter>
    </ClCompile>
    <ClCompile Include="util.cpp">
      <Filter>Source Files</Filter>
    </ClCompile>
  </ItemGroup>
  <ItemGroup>
    <Library Include="..\SFML\lib\sfml-graphics.lib">
      <Filter>Link Libraries</Filter>
    </Library>
    <Library Include="..\SFML\lib\sfml-system.lib">
      <Filter>Link Libraries</Filter>
    </Library>
    <Library Include="..\SFML\lib\sfml-window.lib">
      <Filter>Link Libraries</Filter>
    </Library>
  </ItemGroup>
</Project>